
Microsoft Visual Studio Solution File, Format Version 12.00
# Visual Studio Version 17
VisualStudioVersion = 17.4.33110.190
MinimumVisualStudioVersion = 10.0.40219.1
Project("{9A19103F-16F7-4668-BE54-9A1E7A4F7556}") = "Analyzer.API", "Analyzer.API\Analyzer.API.csproj", "{5D906F85-8A2D-42DD-8C68-476078294542}"
EndProject
Project("{9A19103F-16F7-4668-BE54-9A1E7A4F7556}") = "AnalysisLibrary", "ClassLibrary1\AnalysisLibrary.csproj", "{12FD5198-4445-40D7-952F-E60C25AAE637}"
EndProject
Project("{9A19103F-16F7-4668-BE54-9A1E7A4F7556}") = "Gateway.API", "Gateway.API\Gateway.API.csproj", "{730AA345-33D6-40D9-A9D4-509396A56646}"
EndProject
Project("{9A19103F-16F7-4668-BE54-9A1E7A4F7556}") = "Gateway.Services", "Gateway.Services\Gateway.Services.csproj", "{ED6450AB-F452-42A9-8E1D-2A1A21E2A5B9}"
EndProject
Project("{9A19103F-16F7-4668-BE54-9A1E7A4F7556}") = "SqliteProvider", "SqliteProvider\SqliteProvider.csproj", "{7BCF7D45-E96E-441D-8650-C5E994DE4AD8}"
EndProject
Project("{9A19103F-16F7-4668-BE54-9A1E7A4F7556}") = "AccountAPI.Data", "AccountAPI.Data\AccountAPI.Data.csproj", "{769417C2-C7E7-4F0D-A487-35246DF09AF0}"
EndProject
Project("{9A19103F-16F7-4668-BE54-9A1E7A4F7556}") = "Stock.API", "Stock.API\Stock.API.csproj", "{D8A02430-6A3D-4428-B158-DA9250D5C180}"
EndProject
Project("{9A19103F-16F7-4668-BE54-9A1E7A4F7556}") = "Accounts.API", "Accounts.API\Accounts.API.csproj", "{D6263218-29E2-445F-8339-7040C03AB043}"
EndProject
Project("{9A19103F-16F7-4668-BE54-9A1E7A4F7556}") = "StockAPI.Database", "StockAPI.Database\StockAPI.Database.csproj", "{679BF161-CEA3-4007-B497-F33CFBDB0335}"
EndProject
Project("{9A19103F-16F7-4668-BE54-9A1E7A4F7556}") = "Accounts.API.Services", "Accounts.API.Services\Accounts.API.Services.csproj", "{40F73765-6FDA-4809-847B-209811AD89A7}"
EndProject
Project("{9A19103F-16F7-4668-BE54-9A1E7A4F7556}") = "StockApiRepDB", "StockApiRepDB\StockApiRepDB.csproj", "{75D83596-7FD2-4FE9-AECA-83828BE690F8}"
EndProject
Project("{9A19103F-16F7-4668-BE54-9A1E7A4F7556}") = "Gateway.Domain", "Gateway.Domain\Gateway.Domain.csproj", "{9284493D-4B63-4D38-B24C-B7192D3FB792}"
EndProject
Project("{9A19103F-16F7-4668-BE54-9A1E7A4F7556}") = "Broker.API", "Broker.API\Broker.API.csproj", "{39230C51-B52A-4CE0-A0E2-4CDE15C91833}"
EndProject
Project("{9A19103F-16F7-4668-BE54-9A1E7A4F7556}") = "Broker.Services", "Broker.Services\Broker.Services.csproj", "{C30D1800-CEF4-44C1-92D6-B87AA436AB91}"
EndProject
Project("{FAE04EC0-301F-11D3-BF4B-00C04F79EFBC}") = "Broker.Models", "Broker.Models\Broker.Models.csproj", "{3A653512-A55F-453B-8FCA-50468A136C6A}"
EndProject
Global
	GlobalSection(SolutionConfigurationPlatforms) = preSolution
		Debug|Any CPU = Debug|Any CPU
		Release|Any CPU = Release|Any CPU
	EndGlobalSection
	GlobalSection(ProjectConfigurationPlatforms) = postSolution
		{5D906F85-8A2D-42DD-8C68-476078294542}.Debug|Any CPU.ActiveCfg = Debug|Any CPU
		{5D906F85-8A2D-42DD-8C68-476078294542}.Debug|Any CPU.Build.0 = Debug|Any CPU
		{5D906F85-8A2D-42DD-8C68-476078294542}.Release|Any CPU.ActiveCfg = Release|Any CPU
		{5D906F85-8A2D-42DD-8C68-476078294542}.Release|Any CPU.Build.0 = Release|Any CPU
		{12FD5198-4445-40D7-952F-E60C25AAE637}.Debug|Any CPU.ActiveCfg = Debug|Any CPU
		{12FD5198-4445-40D7-952F-E60C25AAE637}.Debug|Any CPU.Build.0 = Debug|Any CPU
		{12FD5198-4445-40D7-952F-E60C25AAE637}.Release|Any CPU.ActiveCfg = Release|Any CPU
		{12FD5198-4445-40D7-952F-E60C25AAE637}.Release|Any CPU.Build.0 = Release|Any CPU
		{730AA345-33D6-40D9-A9D4-509396A56646}.Debug|Any CPU.ActiveCfg = Debug|Any CPU
		{730AA345-33D6-40D9-A9D4-509396A56646}.Debug|Any CPU.Build.0 = Debug|Any CPU
		{730AA345-33D6-40D9-A9D4-509396A56646}.Release|Any CPU.ActiveCfg = Release|Any CPU
		{730AA345-33D6-40D9-A9D4-509396A56646}.Release|Any CPU.Build.0 = Release|Any CPU
		{ED6450AB-F452-42A9-8E1D-2A1A21E2A5B9}.Debug|Any CPU.ActiveCfg = Debug|Any CPU
		{ED6450AB-F452-42A9-8E1D-2A1A21E2A5B9}.Debug|Any CPU.Build.0 = Debug|Any CPU
		{ED6450AB-F452-42A9-8E1D-2A1A21E2A5B9}.Release|Any CPU.ActiveCfg = Release|Any CPU
		{ED6450AB-F452-42A9-8E1D-2A1A21E2A5B9}.Release|Any CPU.Build.0 = Release|Any CPU
		{7BCF7D45-E96E-441D-8650-C5E994DE4AD8}.Debug|Any CPU.ActiveCfg = Debug|Any CPU
		{7BCF7D45-E96E-441D-8650-C5E994DE4AD8}.Debug|Any CPU.Build.0 = Debug|Any CPU
		{7BCF7D45-E96E-441D-8650-C5E994DE4AD8}.Release|Any CPU.ActiveCfg = Release|Any CPU
		{7BCF7D45-E96E-441D-8650-C5E994DE4AD8}.Release|Any CPU.Build.0 = Release|Any CPU
		{769417C2-C7E7-4F0D-A487-35246DF09AF0}.Debug|Any CPU.ActiveCfg = Debug|Any CPU
		{769417C2-C7E7-4F0D-A487-35246DF09AF0}.Debug|Any CPU.Build.0 = Debug|Any CPU
		{769417C2-C7E7-4F0D-A487-35246DF09AF0}.Release|Any CPU.ActiveCfg = Release|Any CPU
		{769417C2-C7E7-4F0D-A487-35246DF09AF0}.Release|Any CPU.Build.0 = Release|Any CPU
		{D8A02430-6A3D-4428-B158-DA9250D5C180}.Debug|Any CPU.ActiveCfg = Debug|Any CPU
		{D8A02430-6A3D-4428-B158-DA9250D5C180}.Debug|Any CPU.Build.0 = Debug|Any CPU
		{D8A02430-6A3D-4428-B158-DA9250D5C180}.Release|Any CPU.ActiveCfg = Release|Any CPU
		{D8A02430-6A3D-4428-B158-DA9250D5C180}.Release|Any CPU.Build.0 = Release|Any CPU
		{D6263218-29E2-445F-8339-7040C03AB043}.Debug|Any CPU.ActiveCfg = Debug|Any CPU
		{D6263218-29E2-445F-8339-7040C03AB043}.Debug|Any CPU.Build.0 = Debug|Any CPU
		{D6263218-29E2-445F-8339-7040C03AB043}.Release|Any CPU.ActiveCfg = Release|Any CPU
		{D6263218-29E2-445F-8339-7040C03AB043}.Release|Any CPU.Build.0 = Release|Any CPU
		{679BF161-CEA3-4007-B497-F33CFBDB0335}.Debug|Any CPU.ActiveCfg = Debug|Any CPU
		{679BF161-CEA3-4007-B497-F33CFBDB0335}.Debug|Any CPU.Build.0 = Debug|Any CPU
		{679BF161-CEA3-4007-B497-F33CFBDB0335}.Release|Any CPU.ActiveCfg = Release|Any CPU
		{679BF161-CEA3-4007-B497-F33CFBDB0335}.Release|Any CPU.Build.0 = Release|Any CPU
		{40F73765-6FDA-4809-847B-209811AD89A7}.Debug|Any CPU.ActiveCfg = Debug|Any CPU
		{40F73765-6FDA-4809-847B-209811AD89A7}.Debug|Any CPU.Build.0 = Debug|Any CPU
		{40F73765-6FDA-4809-847B-209811AD89A7}.Release|Any CPU.ActiveCfg = Release|Any CPU
		{40F73765-6FDA-4809-847B-209811AD89A7}.Release|Any CPU.Build.0 = Release|Any CPU
		{75D83596-7FD2-4FE9-AECA-83828BE690F8}.Debug|Any CPU.ActiveCfg = Debug|Any CPU
		{75D83596-7FD2-4FE9-AECA-83828BE690F8}.Debug|Any CPU.Build.0 = Debug|Any CPU
		{75D83596-7FD2-4FE9-AECA-83828BE690F8}.Release|Any CPU.ActiveCfg = Release|Any CPU
		{75D83596-7FD2-4FE9-AECA-83828BE690F8}.Release|Any CPU.Build.0 = Release|Any CPU
		{9284493D-4B63-4D38-B24C-B7192D3FB792}.Debug|Any CPU.ActiveCfg = Debug|Any CPU
		{9284493D-4B63-4D38-B24C-B7192D3FB792}.Debug|Any CPU.Build.0 = Debug|Any CPU
		{9284493D-4B63-4D38-B24C-B7192D3FB792}.Release|Any CPU.ActiveCfg = Release|Any CPU
		{9284493D-4B63-4D38-B24C-B7192D3FB792}.Release|Any CPU.Build.0 = Release|Any CPU
		{39230C51-B52A-4CE0-A0E2-4CDE15C91833}.Debug|Any CPU.ActiveCfg = Debug|Any CPU
		{39230C51-B52A-4CE0-A0E2-4CDE15C91833}.Debug|Any CPU.Build.0 = Debug|Any CPU
		{39230C51-B52A-4CE0-A0E2-4CDE15C91833}.Release|Any CPU.ActiveCfg = Release|Any CPU
		{39230C51-B52A-4CE0-A0E2-4CDE15C91833}.Release|Any CPU.Build.0 = Release|Any CPU
		{C30D1800-CEF4-44C1-92D6-B87AA436AB91}.Debug|Any CPU.ActiveCfg = Debug|Any CPU
		{C30D1800-CEF4-44C1-92D6-B87AA436AB91}.Debug|Any CPU.Build.0 = Debug|Any CPU
		{C30D1800-CEF4-44C1-92D6-B87AA436AB91}.Release|Any CPU.ActiveCfg = Release|Any CPU
		{C30D1800-CEF4-44C1-92D6-B87AA436AB91}.Release|Any CPU.Build.0 = Release|Any CPU
		{3A653512-A55F-453B-8FCA-50468A136C6A}.Debug|Any CPU.ActiveCfg = Debug|Any CPU
		{3A653512-A55F-453B-8FCA-50468A136C6A}.Debug|Any CPU.Build.0 = Debug|Any CPU
		{3A653512-A55F-453B-8FCA-50468A136C6A}.Release|Any CPU.ActiveCfg = Release|Any CPU
		{3A653512-A55F-453B-8FCA-50468A136C6A}.Release|Any CPU.Build.0 = Release|Any CPU
	EndGlobalSection
	GlobalSection(SolutionProperties) = preSolution
		HideSolutionNode = FALSE
	EndGlobalSection
	GlobalSection(ExtensibilityGlobals) = postSolution
		SolutionGuid = {F7280485-7EE8-4348-B7D5-4725307C2E6E}
	EndGlobalSection
EndGlobal
