
Microsoft Visual Studio Solution File, Format Version 12.00
# Visual Studio Version 17
VisualStudioVersion = 17.4.33110.190
MinimumVisualStudioVersion = 10.0.40219.1
Project("{9A19103F-16F7-4668-BE54-9A1E7A4F7556}") = "Analyzer.API", "Analyzer.API\Analyzer.API.csproj", "{5D906F85-8A2D-42DD-8C68-476078294542}"
EndProject
Project("{9A19103F-16F7-4668-BE54-9A1E7A4F7556}") = "AnalysisLibrary", "ClassLibrary1\AnalysisLibrary.csproj", "{12FD5198-4445-40D7-952F-E60C25AAE637}"
EndProject
Project("{9A19103F-16F7-4668-BE54-9A1E7A4F7556}") = "Gateway.API", "Gateway.API\Gateway.API.csproj", "{730AA345-33D6-40D9-A9D4-509396A56646}"
EndProject
Project("{9A19103F-16F7-4668-BE54-9A1E7A4F7556}") = "Gateway.Services", "Gateway.Services\Gateway.Services.csproj", "{ED6450AB-F452-42A9-8E1D-2A1A21E2A5B9}"
EndProject
Project("{9A19103F-16F7-4668-BE54-9A1E7A4F7556}") = "SqliteProvider", "SqliteProvider\SqliteProvider.csproj", "{7BCF7D45-E96E-441D-8650-C5E994DE4AD8}"
EndProject
Project("{9A19103F-16F7-4668-BE54-9A1E7A4F7556}") = "AccountAPI.Data", "AccountAPI.Data\AccountAPI.Data.csproj", "{89C79D98-17F0-4351-9642-A8D090B37C28}"
EndProject
Project("{9A19103F-16F7-4668-BE54-9A1E7A4F7556}") = "StockAPI.Database", "StockAPI.Database\StockAPI.Database.csproj", "{E99D5207-05EB-4074-97E6-6BA93FD09EA1}"
EndProject
Project("{9A19103F-16F7-4668-BE54-9A1E7A4F7556}") = "Settlement.API", "Settlement.API\Settlement.API.csproj", "{4D67087B-6114-41C9-A082-A9D9DDD9B644}"
EndProject
Project("{9A19103F-16F7-4668-BE54-9A1E7A4F7556}") = "Stock.API", "Stock.API\Stock.API.csproj", "{85FD98D0-D876-496E-A620-D41E094714DA}"
EndProject
Project("{9A19103F-16F7-4668-BE54-9A1E7A4F7556}") = "Accounts.API", "Accounts.API\Accounts.API.csproj", "{07787116-7D2B-4DC8-8A74-1CA18AD293F8}"
EndProject
Project("{9A19103F-16F7-4668-BE54-9A1E7A4F7556}") = "Accounts.API.Services", "Accounts.API.Services\Accounts.API.Services.csproj", "{B6F39646-A1C3-4165-A977-7BB515E01AE1}"
EndProject
Project("{9A19103F-16F7-4668-BE54-9A1E7A4F7556}") = "StockApiRepDB", "StockApiRepDB\StockApiRepDB.csproj", "{0F7BDB3F-CD56-4728-9A91-294C45498838}"
EndProject
Project("{FAE04EC0-301F-11D3-BF4B-00C04F79EFBC}") = "Settlement.Infrastructure", "Settlement.Data\Settlement.Infrastructure.csproj", "{9D363845-FA84-4DB6-9189-EC3E1283816E}"
EndProject
Global
	GlobalSection(SolutionConfigurationPlatforms) = preSolution
		Debug|Any CPU = Debug|Any CPU
		Release|Any CPU = Release|Any CPU
	EndGlobalSection
	GlobalSection(ProjectConfigurationPlatforms) = postSolution
		{5D906F85-8A2D-42DD-8C68-476078294542}.Debug|Any CPU.ActiveCfg = Debug|Any CPU
		{5D906F85-8A2D-42DD-8C68-476078294542}.Debug|Any CPU.Build.0 = Debug|Any CPU
		{5D906F85-8A2D-42DD-8C68-476078294542}.Release|Any CPU.ActiveCfg = Release|Any CPU
		{5D906F85-8A2D-42DD-8C68-476078294542}.Release|Any CPU.Build.0 = Release|Any CPU
		{12FD5198-4445-40D7-952F-E60C25AAE637}.Debug|Any CPU.ActiveCfg = Debug|Any CPU
		{12FD5198-4445-40D7-952F-E60C25AAE637}.Debug|Any CPU.Build.0 = Debug|Any CPU
		{12FD5198-4445-40D7-952F-E60C25AAE637}.Release|Any CPU.ActiveCfg = Release|Any CPU
		{12FD5198-4445-40D7-952F-E60C25AAE637}.Release|Any CPU.Build.0 = Release|Any CPU
		{730AA345-33D6-40D9-A9D4-509396A56646}.Debug|Any CPU.ActiveCfg = Debug|Any CPU
		{730AA345-33D6-40D9-A9D4-509396A56646}.Debug|Any CPU.Build.0 = Debug|Any CPU
		{730AA345-33D6-40D9-A9D4-509396A56646}.Release|Any CPU.ActiveCfg = Release|Any CPU
		{730AA345-33D6-40D9-A9D4-509396A56646}.Release|Any CPU.Build.0 = Release|Any CPU
		{ED6450AB-F452-42A9-8E1D-2A1A21E2A5B9}.Debug|Any CPU.ActiveCfg = Debug|Any CPU
		{ED6450AB-F452-42A9-8E1D-2A1A21E2A5B9}.Debug|Any CPU.Build.0 = Debug|Any CPU
		{ED6450AB-F452-42A9-8E1D-2A1A21E2A5B9}.Release|Any CPU.ActiveCfg = Release|Any CPU
		{ED6450AB-F452-42A9-8E1D-2A1A21E2A5B9}.Release|Any CPU.Build.0 = Release|Any CPU
		{7BCF7D45-E96E-441D-8650-C5E994DE4AD8}.Debug|Any CPU.ActiveCfg = Debug|Any CPU
		{7BCF7D45-E96E-441D-8650-C5E994DE4AD8}.Debug|Any CPU.Build.0 = Debug|Any CPU
		{7BCF7D45-E96E-441D-8650-C5E994DE4AD8}.Release|Any CPU.ActiveCfg = Release|Any CPU
		{7BCF7D45-E96E-441D-8650-C5E994DE4AD8}.Release|Any CPU.Build.0 = Release|Any CPU
		{89C79D98-17F0-4351-9642-A8D090B37C28}.Debug|Any CPU.ActiveCfg = Debug|Any CPU
		{89C79D98-17F0-4351-9642-A8D090B37C28}.Debug|Any CPU.Build.0 = Debug|Any CPU
		{89C79D98-17F0-4351-9642-A8D090B37C28}.Release|Any CPU.ActiveCfg = Release|Any CPU
		{89C79D98-17F0-4351-9642-A8D090B37C28}.Release|Any CPU.Build.0 = Release|Any CPU
		{E99D5207-05EB-4074-97E6-6BA93FD09EA1}.Debug|Any CPU.ActiveCfg = Debug|Any CPU
		{E99D5207-05EB-4074-97E6-6BA93FD09EA1}.Debug|Any CPU.Build.0 = Debug|Any CPU
		{E99D5207-05EB-4074-97E6-6BA93FD09EA1}.Release|Any CPU.ActiveCfg = Release|Any CPU
		{E99D5207-05EB-4074-97E6-6BA93FD09EA1}.Release|Any CPU.Build.0 = Release|Any CPU
		{4D67087B-6114-41C9-A082-A9D9DDD9B644}.Debug|Any CPU.ActiveCfg = Debug|Any CPU
		{4D67087B-6114-41C9-A082-A9D9DDD9B644}.Debug|Any CPU.Build.0 = Debug|Any CPU
		{4D67087B-6114-41C9-A082-A9D9DDD9B644}.Release|Any CPU.ActiveCfg = Release|Any CPU
		{4D67087B-6114-41C9-A082-A9D9DDD9B644}.Release|Any CPU.Build.0 = Release|Any CPU
		{85FD98D0-D876-496E-A620-D41E094714DA}.Debug|Any CPU.ActiveCfg = Debug|Any CPU
		{85FD98D0-D876-496E-A620-D41E094714DA}.Debug|Any CPU.Build.0 = Debug|Any CPU
		{85FD98D0-D876-496E-A620-D41E094714DA}.Release|Any CPU.ActiveCfg = Release|Any CPU
		{85FD98D0-D876-496E-A620-D41E094714DA}.Release|Any CPU.Build.0 = Release|Any CPU
		{07787116-7D2B-4DC8-8A74-1CA18AD293F8}.Debug|Any CPU.ActiveCfg = Debug|Any CPU
		{07787116-7D2B-4DC8-8A74-1CA18AD293F8}.Debug|Any CPU.Build.0 = Debug|Any CPU
		{07787116-7D2B-4DC8-8A74-1CA18AD293F8}.Release|Any CPU.ActiveCfg = Release|Any CPU
		{07787116-7D2B-4DC8-8A74-1CA18AD293F8}.Release|Any CPU.Build.0 = Release|Any CPU
		{B6F39646-A1C3-4165-A977-7BB515E01AE1}.Debug|Any CPU.ActiveCfg = Debug|Any CPU
		{B6F39646-A1C3-4165-A977-7BB515E01AE1}.Debug|Any CPU.Build.0 = Debug|Any CPU
		{B6F39646-A1C3-4165-A977-7BB515E01AE1}.Release|Any CPU.ActiveCfg = Release|Any CPU
		{B6F39646-A1C3-4165-A977-7BB515E01AE1}.Release|Any CPU.Build.0 = Release|Any CPU
		{0F7BDB3F-CD56-4728-9A91-294C45498838}.Debug|Any CPU.ActiveCfg = Debug|Any CPU
		{0F7BDB3F-CD56-4728-9A91-294C45498838}.Debug|Any CPU.Build.0 = Debug|Any CPU
		{0F7BDB3F-CD56-4728-9A91-294C45498838}.Release|Any CPU.ActiveCfg = Release|Any CPU
		{0F7BDB3F-CD56-4728-9A91-294C45498838}.Release|Any CPU.Build.0 = Release|Any CPU
		{9D363845-FA84-4DB6-9189-EC3E1283816E}.Debug|Any CPU.ActiveCfg = Debug|Any CPU
		{9D363845-FA84-4DB6-9189-EC3E1283816E}.Debug|Any CPU.Build.0 = Debug|Any CPU
		{9D363845-FA84-4DB6-9189-EC3E1283816E}.Release|Any CPU.ActiveCfg = Release|Any CPU
		{9D363845-FA84-4DB6-9189-EC3E1283816E}.Release|Any CPU.Build.0 = Release|Any CPU
	EndGlobalSection
	GlobalSection(SolutionProperties) = preSolution
		HideSolutionNode = FALSE
	EndGlobalSection
	GlobalSection(ExtensibilityGlobals) = postSolution
		SolutionGuid = {F7280485-7EE8-4348-B7D5-4725307C2E6E}
	EndGlobalSection
EndGlobal
