
Microsoft Visual Studio Solution File, Format Version 12.00
# Visual Studio Version 17
VisualStudioVersion = 17.4.33213.308
MinimumVisualStudioVersion = 10.0.40219.1
Project("{9A19103F-16F7-4668-BE54-9A1E7A4F7556}") = "Settlement.API", "..\Settlement.API.csproj", "{9C22C7D9-EBAB-4BE5-A768-3875B21E585F}"
EndProject
Project("{9A19103F-16F7-4668-BE54-9A1E7A4F7556}") = "SettlementServices", "SettlementServices\SettlementServices.csproj", "{CA354921-DB2F-4FCD-BB93-649A5A05524C}"
EndProject
Project("{9A19103F-16F7-4668-BE54-9A1E7A4F7556}") = "SettlementContracts", "SettlementContracts\SettlementContracts.csproj", "{454E7A9C-B174-47AC-AE0C-C66E3AAE319E}"
EndProject
Global
	GlobalSection(SolutionConfigurationPlatforms) = preSolution
		Debug|Any CPU = Debug|Any CPU
		Release|Any CPU = Release|Any CPU
	EndGlobalSection
	GlobalSection(ProjectConfigurationPlatforms) = postSolution
		{9C22C7D9-EBAB-4BE5-A768-3875B21E585F}.Debug|Any CPU.ActiveCfg = Debug|Any CPU
		{9C22C7D9-EBAB-4BE5-A768-3875B21E585F}.Debug|Any CPU.Build.0 = Debug|Any CPU
		{9C22C7D9-EBAB-4BE5-A768-3875B21E585F}.Release|Any CPU.ActiveCfg = Release|Any CPU
		{9C22C7D9-EBAB-4BE5-A768-3875B21E585F}.Release|Any CPU.Build.0 = Release|Any CPU
		{CA354921-DB2F-4FCD-BB93-649A5A05524C}.Debug|Any CPU.ActiveCfg = Debug|Any CPU
		{CA354921-DB2F-4FCD-BB93-649A5A05524C}.Debug|Any CPU.Build.0 = Debug|Any CPU
		{CA354921-DB2F-4FCD-BB93-649A5A05524C}.Release|Any CPU.ActiveCfg = Release|Any CPU
		{CA354921-DB2F-4FCD-BB93-649A5A05524C}.Release|Any CPU.Build.0 = Release|Any CPU
		{454E7A9C-B174-47AC-AE0C-C66E3AAE319E}.Debug|Any CPU.ActiveCfg = Debug|Any CPU
		{454E7A9C-B174-47AC-AE0C-C66E3AAE319E}.Debug|Any CPU.Build.0 = Debug|Any CPU
		{454E7A9C-B174-47AC-AE0C-C66E3AAE319E}.Release|Any CPU.ActiveCfg = Release|Any CPU
		{454E7A9C-B174-47AC-AE0C-C66E3AAE319E}.Release|Any CPU.Build.0 = Release|Any CPU
	EndGlobalSection
	GlobalSection(SolutionProperties) = preSolution
		HideSolutionNode = FALSE
	EndGlobalSection
	GlobalSection(ExtensibilityGlobals) = postSolution
		SolutionGuid = {58D35875-EA36-4CB1-87C3-04925603D26D}
	EndGlobalSection
EndGlobal
